
Microsoft Visual Studio Solution File, Format Version 12.00
# Visual Studio 15
VisualStudioVersion = 15.0.27703.2042
MinimumVisualStudioVersion = 10.0.40219.1
Project("{FAE04EC0-301F-11D3-BF4B-00C04F79EFBC}") = "CMTRepoCollector", "CMTRepoCollector\CMTRepoCollector.csproj", "{26F4E539-003E-49B7-84F7-BC7BA72C908A}"
EndProject
Project("{FAE04EC0-301F-11D3-BF4B-00C04F79EFBC}") = "CopyFolders", "CopyFolders\CopyFolders.csproj", "{E676DE78-742C-42EA-AFBA-6A72C3C7E5A1}"
EndProject
Global
	GlobalSection(SolutionConfigurationPlatforms) = preSolution
		Debug|Any CPU = Debug|Any CPU
		Release|Any CPU = Release|Any CPU
	EndGlobalSection
	GlobalSection(ProjectConfigurationPlatforms) = postSolution
		{26F4E539-003E-49B7-84F7-BC7BA72C908A}.Debug|Any CPU.ActiveCfg = Debug|Any CPU
		{26F4E539-003E-49B7-84F7-BC7BA72C908A}.Debug|Any CPU.Build.0 = Debug|Any CPU
		{26F4E539-003E-49B7-84F7-BC7BA72C908A}.Release|Any CPU.ActiveCfg = Release|Any CPU
		{26F4E539-003E-49B7-84F7-BC7BA72C908A}.Release|Any CPU.Build.0 = Release|Any CPU
		{E676DE78-742C-42EA-AFBA-6A72C3C7E5A1}.Debug|Any CPU.ActiveCfg = Debug|Any CPU
		{E676DE78-742C-42EA-AFBA-6A72C3C7E5A1}.Debug|Any CPU.Build.0 = Debug|Any CPU
		{E676DE78-742C-42EA-AFBA-6A72C3C7E5A1}.Release|Any CPU.ActiveCfg = Release|Any CPU
		{E676DE78-742C-42EA-AFBA-6A72C3C7E5A1}.Release|Any CPU.Build.0 = Release|Any CPU
	EndGlobalSection
	GlobalSection(SolutionProperties) = preSolution
		HideSolutionNode = FALSE
	EndGlobalSection
	GlobalSection(ExtensibilityGlobals) = postSolution
		SolutionGuid = {54DF22E6-34EC-4953-BC3B-6B414A3C59BD}
	EndGlobalSection
EndGlobal
